
Microsoft Visual Studio Solution File, Format Version 12.00
# Visual Studio 14
VisualStudioVersion = 14.0.25420.1
MinimumVisualStudioVersion = 10.0.40219.1
Project("{FAE04EC0-301F-11D3-BF4B-00C04F79EFBC}") = "Ser_Web_CRUD_01", "Ser_Web_CRUD_01\Ser_Web_CRUD_01.csproj", "{4F11C31F-AA99-4EE1-A0BD-63CA291EBA87}"
EndProject
Project("{2150E333-8FDC-42A3-9474-1A3956D46DE8}") = "Infraestructura", "Infraestructura", "{AD7BDA1B-A02D-439D-9F1F-7D5A91A01C79}"
EndProject
Project("{2150E333-8FDC-42A3-9474-1A3956D46DE8}") = "Dominio", "Dominio", "{17B114BA-AE72-41F5-A010-6667D4D5EDC7}"
EndProject
Project("{2150E333-8FDC-42A3-9474-1A3956D46DE8}") = "Entidades", "Entidades", "{C869DE1A-B9D8-46BD-BED9-96D628899D80}"
EndProject
Project("{2150E333-8FDC-42A3-9474-1A3956D46DE8}") = "Repositorio", "Repositorio", "{ED2A36B8-EB9D-4374-8FEF-BA454CE32B84}"
EndProject
Project("{2150E333-8FDC-42A3-9474-1A3956D46DE8}") = "Data", "Data", "{044DCE7B-1464-4CA6-9111-477D63BAF411}"
EndProject
Project("{FAE04EC0-301F-11D3-BF4B-00C04F79EFBC}") = "Infraestructura.Data.Sql", "Infraestructura.Data.Sql\Infraestructura.Data.Sql.csproj", "{A36DA68D-3D1F-4683-8337-9401D5621FDE}"
EndProject
Project("{FAE04EC0-301F-11D3-BF4B-00C04F79EFBC}") = "Dominio.Repositorio", "Dominio.Repositorio\Dominio.Repositorio.csproj", "{D105045C-5D71-408F-AC0B-1EB2CECBA4F9}"
EndProject
Project("{2150E333-8FDC-42A3-9474-1A3956D46DE8}") = "Presentacion", "Presentacion", "{9FADD134-6403-4B68-904D-62C8BC664E67}"
EndProject
Project("{2150E333-8FDC-42A3-9474-1A3956D46DE8}") = "Web", "Web", "{831BE971-17B2-41DA-BF3A-D28CB7C5A0CD}"
EndProject
Project("{FAE04EC0-301F-11D3-BF4B-00C04F79EFBC}") = "Dominio.Entidades", "Dominio.Entidades\Dominio.Entidades.csproj", "{B2F1ADE8-42D5-4D85-AADD-5743EF62849E}"
EndProject
Global
	GlobalSection(SolutionConfigurationPlatforms) = preSolution
		Debug|Any CPU = Debug|Any CPU
		Release|Any CPU = Release|Any CPU
	EndGlobalSection
	GlobalSection(ProjectConfigurationPlatforms) = postSolution
		{4F11C31F-AA99-4EE1-A0BD-63CA291EBA87}.Debug|Any CPU.ActiveCfg = Debug|Any CPU
		{4F11C31F-AA99-4EE1-A0BD-63CA291EBA87}.Debug|Any CPU.Build.0 = Debug|Any CPU
		{4F11C31F-AA99-4EE1-A0BD-63CA291EBA87}.Release|Any CPU.ActiveCfg = Release|Any CPU
		{4F11C31F-AA99-4EE1-A0BD-63CA291EBA87}.Release|Any CPU.Build.0 = Release|Any CPU
		{A36DA68D-3D1F-4683-8337-9401D5621FDE}.Debug|Any CPU.ActiveCfg = Debug|Any CPU
		{A36DA68D-3D1F-4683-8337-9401D5621FDE}.Debug|Any CPU.Build.0 = Debug|Any CPU
		{A36DA68D-3D1F-4683-8337-9401D5621FDE}.Release|Any CPU.ActiveCfg = Release|Any CPU
		{A36DA68D-3D1F-4683-8337-9401D5621FDE}.Release|Any CPU.Build.0 = Release|Any CPU
		{D105045C-5D71-408F-AC0B-1EB2CECBA4F9}.Debug|Any CPU.ActiveCfg = Debug|Any CPU
		{D105045C-5D71-408F-AC0B-1EB2CECBA4F9}.Debug|Any CPU.Build.0 = Debug|Any CPU
		{D105045C-5D71-408F-AC0B-1EB2CECBA4F9}.Release|Any CPU.ActiveCfg = Release|Any CPU
		{D105045C-5D71-408F-AC0B-1EB2CECBA4F9}.Release|Any CPU.Build.0 = Release|Any CPU
		{B2F1ADE8-42D5-4D85-AADD-5743EF62849E}.Debug|Any CPU.ActiveCfg = Debug|Any CPU
		{B2F1ADE8-42D5-4D85-AADD-5743EF62849E}.Debug|Any CPU.Build.0 = Debug|Any CPU
		{B2F1ADE8-42D5-4D85-AADD-5743EF62849E}.Release|Any CPU.ActiveCfg = Release|Any CPU
		{B2F1ADE8-42D5-4D85-AADD-5743EF62849E}.Release|Any CPU.Build.0 = Release|Any CPU
	EndGlobalSection
	GlobalSection(SolutionProperties) = preSolution
		HideSolutionNode = FALSE
	EndGlobalSection
	GlobalSection(NestedProjects) = preSolution
		{4F11C31F-AA99-4EE1-A0BD-63CA291EBA87} = {831BE971-17B2-41DA-BF3A-D28CB7C5A0CD}
		{C869DE1A-B9D8-46BD-BED9-96D628899D80} = {17B114BA-AE72-41F5-A010-6667D4D5EDC7}
		{ED2A36B8-EB9D-4374-8FEF-BA454CE32B84} = {17B114BA-AE72-41F5-A010-6667D4D5EDC7}
		{044DCE7B-1464-4CA6-9111-477D63BAF411} = {AD7BDA1B-A02D-439D-9F1F-7D5A91A01C79}
		{A36DA68D-3D1F-4683-8337-9401D5621FDE} = {044DCE7B-1464-4CA6-9111-477D63BAF411}
		{D105045C-5D71-408F-AC0B-1EB2CECBA4F9} = {ED2A36B8-EB9D-4374-8FEF-BA454CE32B84}
		{831BE971-17B2-41DA-BF3A-D28CB7C5A0CD} = {9FADD134-6403-4B68-904D-62C8BC664E67}
		{B2F1ADE8-42D5-4D85-AADD-5743EF62849E} = {C869DE1A-B9D8-46BD-BED9-96D628899D80}
	EndGlobalSection
EndGlobal
